Microsoft Visual Studio Solution File, Format Version 11.00
# Visual Studio 2008

Project("{16CBC89F-483D-1084-EE08-6A1578206FDF}") = "simple-purchase", "Assembly-CSharp-firstpass-vs.csproj", "{8B340E11-A81C-2581-F823-088763915F32}"
EndProject
Project("{16CBC89F-483D-1084-EE08-6A1578206FDF}") = "simple-purchase", "Assembly-CSharp-vs.csproj", "{DEE46519-CEC7-F85B-4EF2-5B593583258B}"
EndProject
Project("{16CBC89F-483D-1084-EE08-6A1578206FDF}") = "simple-purchase", "Assembly-CSharp-Editor-vs.csproj", "{9B5EDCFB-E7FD-4669-0699-EF07E4B6FEA8}"
EndProject
Global
	GlobalSection(SolutionConfigurationPlatforms) = preSolution
		Debug|Any CPU = Debug|Any CPU
		Release|Any CPU = Release|Any CPU
	EndGlobalSection
	GlobalSection(ProjectConfigurationPlatforms) = postSolution
		{8B340E11-A81C-2581-F823-088763915F32}.Debug|Any CPU.ActiveCfg = Debug|Any CPU
		{8B340E11-A81C-2581-F823-088763915F32}.Debug|Any CPU.Build.0 = Debug|Any CPU
		{8B340E11-A81C-2581-F823-088763915F32}.Release|Any CPU.ActiveCfg = Release|Any CPU
		{8B340E11-A81C-2581-F823-088763915F32}.Release|Any CPU.Build.0 = Release|Any CPU
		{DEE46519-CEC7-F85B-4EF2-5B593583258B}.Debug|Any CPU.ActiveCfg = Debug|Any CPU
		{DEE46519-CEC7-F85B-4EF2-5B593583258B}.Debug|Any CPU.Build.0 = Debug|Any CPU
		{DEE46519-CEC7-F85B-4EF2-5B593583258B}.Release|Any CPU.ActiveCfg = Release|Any CPU
		{DEE46519-CEC7-F85B-4EF2-5B593583258B}.Release|Any CPU.Build.0 = Release|Any CPU
		{9B5EDCFB-E7FD-4669-0699-EF07E4B6FEA8}.Debug|Any CPU.ActiveCfg = Debug|Any CPU
		{9B5EDCFB-E7FD-4669-0699-EF07E4B6FEA8}.Debug|Any CPU.Build.0 = Debug|Any CPU
		{9B5EDCFB-E7FD-4669-0699-EF07E4B6FEA8}.Release|Any CPU.ActiveCfg = Release|Any CPU
		{9B5EDCFB-E7FD-4669-0699-EF07E4B6FEA8}.Release|Any CPU.Build.0 = Release|Any CPU
	EndGlobalSection
	GlobalSection(SolutionProperties) = preSolution
		HideSolutionNode = FALSE
	EndGlobalSection
																GlobalSection(MonoDevelopProperties) = preSolution
		StartupItem = Assembly-CSharp.csproj
		Policies = $0
		$0.TextStylePolicy = $1
		$1.inheritsSet = null
		$1.scope = text/x-csharp
		$0.CSharpFormattingPolicy = $2
		$2.inheritsSet = Mono
		$2.inheritsScope = text/x-csharp
		$2.scope = text/x-csharp
		$0.TextStylePolicy = $3
		$3.FileWidth = 120
		$3.TabWidth = 4
		$3.EolMarker = Unix
		$3.inheritsSet = Mono
		$3.inheritsScope = text/plain
		$3.scope = text/plain
	EndGlobalSection

EndGlobal
